
Microsoft Visual Studio Solution File, Format Version 12.00
# Visual Studio 15
VisualStudioVersion = 15.0.27130.2003
MinimumVisualStudioVersion = 10.0.40219.1
Project("{FAE04EC0-301F-11D3-BF4B-00C04F79EFBC}") = "DVDWebAPI.UI", "DVDWebAPI.UI\DVDWebAPI.UI.csproj", "{812180D3-DCBF-4B3F-AF4A-09DBF2CE039C}"
EndProject
Project("{FAE04EC0-301F-11D3-BF4B-00C04F79EFBC}") = "DVDWebAPI.Models", "DVDWebAPI.Models\DVDWebAPI.Models.csproj", "{813ACBA5-ECC1-4575-912B-675535121603}"
EndProject
Project("{FAE04EC0-301F-11D3-BF4B-00C04F79EFBC}") = "DVDWebAPI.Data", "DVDWebAPI.Data\DVDWebAPI.Data.csproj", "{79D77467-43E3-49FB-9FBF-6F35B9F160BE}"
EndProject
Project("{FAE04EC0-301F-11D3-BF4B-00C04F79EFBC}") = "DVDWebAPI.Tests", "DVDWebAPI.Tests\DVDWebAPI.Tests.csproj", "{C6AAEF87-9DDB-40AB-8C51-CC14C19477F2}"
EndProject
Global
	GlobalSection(SolutionConfigurationPlatforms) = preSolution
		Debug|Any CPU = Debug|Any CPU
		Release|Any CPU = Release|Any CPU
	EndGlobalSection
	GlobalSection(ProjectConfigurationPlatforms) = postSolution
		{812180D3-DCBF-4B3F-AF4A-09DBF2CE039C}.Debug|Any CPU.ActiveCfg = Debug|Any CPU
		{812180D3-DCBF-4B3F-AF4A-09DBF2CE039C}.Debug|Any CPU.Build.0 = Debug|Any CPU
		{812180D3-DCBF-4B3F-AF4A-09DBF2CE039C}.Release|Any CPU.ActiveCfg = Release|Any CPU
		{812180D3-DCBF-4B3F-AF4A-09DBF2CE039C}.Release|Any CPU.Build.0 = Release|Any CPU
		{813ACBA5-ECC1-4575-912B-675535121603}.Debug|Any CPU.ActiveCfg = Debug|Any CPU
		{813ACBA5-ECC1-4575-912B-675535121603}.Debug|Any CPU.Build.0 = Debug|Any CPU
		{813ACBA5-ECC1-4575-912B-675535121603}.Release|Any CPU.ActiveCfg = Release|Any CPU
		{813ACBA5-ECC1-4575-912B-675535121603}.Release|Any CPU.Build.0 = Release|Any CPU
		{79D77467-43E3-49FB-9FBF-6F35B9F160BE}.Debug|Any CPU.ActiveCfg = Debug|Any CPU
		{79D77467-43E3-49FB-9FBF-6F35B9F160BE}.Debug|Any CPU.Build.0 = Debug|Any CPU
		{79D77467-43E3-49FB-9FBF-6F35B9F160BE}.Release|Any CPU.ActiveCfg = Release|Any CPU
		{79D77467-43E3-49FB-9FBF-6F35B9F160BE}.Release|Any CPU.Build.0 = Release|Any CPU
		{C6AAEF87-9DDB-40AB-8C51-CC14C19477F2}.Debug|Any CPU.ActiveCfg = Debug|Any CPU
		{C6AAEF87-9DDB-40AB-8C51-CC14C19477F2}.Debug|Any CPU.Build.0 = Debug|Any CPU
		{C6AAEF87-9DDB-40AB-8C51-CC14C19477F2}.Release|Any CPU.ActiveCfg = Release|Any CPU
		{C6AAEF87-9DDB-40AB-8C51-CC14C19477F2}.Release|Any CPU.Build.0 = Release|Any CPU
	EndGlobalSection
	GlobalSection(SolutionProperties) = preSolution
		HideSolutionNode = FALSE
	EndGlobalSection
	GlobalSection(ExtensibilityGlobals) = postSolution
		SolutionGuid = {171B6FC6-D679-4241-9AB0-745F6825B559}
	EndGlobalSection
EndGlobal
